[[package]]
category = "main"
description = "A simple wrapper around optparse for powerful command line utilities."
name = "click"
optional = false
platform = "*"
python-versions = "*"
version = "6.7"

[[package]]
category = "main"
description = "A simple framework for building complex web applications."
name = "flask"
optional = false
platform = "any"
python-versions = "*"
version = "1.0.2"

[package.dependencies]
Jinja2 = ">=2.10"
Werkzeug = ">=0.14"
click = ">=5.1"
itsdangerous = ">=0.24"

[[package]]
category = "main"
description = "Various helpers to pass trusted data to untrusted environments and back."
name = "itsdangerous"
optional = false
platform = "UNKNOWN"
python-versions = "*"
version = "0.24"

[[package]]
category = "main"
description = "A small but fast and easy to use stand-alone template engine written in pure python."
name = "jinja2"
optional = false
platform = "*"
python-versions = "*"
version = "2.10"

[package.dependencies]
MarkupSafe = ">=0.23"

[[package]]
category = "main"
description = "Load me later. A lazy loading plugin management system."
name = "lml"
optional = false
platform = "UNKNOWN"
python-versions = "*"
version = "0.0.1"

[[package]]
category = "main"
description = "Implements a XML/HTML/XHTML Markup safe string for Python"
name = "markupsafe"
optional = false
platform = "UNKNOWN"
python-versions = "*"
version = "1.0"

[[package]]
category = "main"
description = "A wrapper library that provides one API to read, manipulate and writedata in different excel formats"
name = "pyexcel"
optional = false
platform = "*"
python-versions = "*"
version = "0.5.8"

[package.dependencies]
lml = "0.0.1"
pyexcel-io = ">=0.5.6"
texttable = ">=0.8.1"

[[package]]
category = "main"
description = "A python library to read and write structured data in csv, zipped csvformat and to/from databases"
name = "pyexcel-io"
optional = false
platform = "*"
python-versions = "*"
version = "0.5.7"

[package.dependencies]
lml = "0.0.1"

[[package]]
category = "dev"
description = "A wrapper library to read, manipulate and write data in xls format. Itreads xlsx and xlsm format"
name = "pyexcel-xls"
optional = false
platform = "*"
python-versions = "*"
version = "0.5.7"

[package.dependencies]
pyexcel-io = ">=0.5.3"
xlrd = "*"
xlwt = "*"

[[package]]
category = "dev"
description = "Add .env support to your django/flask apps in development and deployments"
name = "python-dotenv"
optional = false
platform = "*"
python-versions = "*"
version = "0.9.0"

[[package]]
category = "main"
description = "module for creating simple ASCII tables"
name = "texttable"
optional = false
platform = "any"
python-versions = "*"
version = "1.4.0"

[[package]]
category = "main"
description = "The comprehensive WSGI web application library."
name = "werkzeug"
optional = false
platform = "any"
python-versions = "*"
version = "0.14.1"

[[package]]
category = "dev"
description = "Library for developers to extract data from Microsoft Excel (tm) spreadsheet files"
name = "xlrd"
optional = false
platform = "Any platform -- don't need Windows"
python-versions = "*"
version = "1.1.0"

[[package]]
category = "dev"
description = "Library to create spreadsheet files compatible with MS Excel 97/2000/XP/2003 XLS files, on any platform, with Python 2.6, 2.7, 3.3+"
name = "xlwt"
optional = false
platform = "Platform Independent"
python-versions = "*"
version = "1.3.0"

[metadata]
content-hash = "0c19ad808b90a47340d882f95bf694ca0b52742151c354a9e89b4d43189876d7"
platform = "*"
python-versions = ">=3"

[metadata.hashes]
click = ["29f99fc6125fbc931b758dc053b3114e55c77a6e4c6c3a2674a2dc986016381d", "f15516df478d5a56180fbf80e68f206010e6d160fc39fa508b65e035fd75130b"]
flask = ["2271c0070dbcb5275fad4a82e29f23ab92682dc45f9dfbc22c02ba9b9322ce48", "a080b744b7e345ccfcbc77954861cb05b3c63786e93f2b3875e0913d44b43f05"]
itsdangerous = ["cbb3fcf8d3e33df861709ecaf89d9e6629cff0a217bc2848f1b41cd30d360519"]
jinja2 = ["74c935a1b8bb9a3947c50a54766a969d4846290e1e788ea44c1392163723c3bd", "f84be1bb0040caca4cea721fcbbbbd61f9be9464ca236387158b0feea01914a4"]
lml = ["12783c8851bb1b1aacf6d139aa41fb529e1723bff863e71034af07a55bf1e5a3", "58a11170ecb0ce5e4680ad8971f1e353b795d58953217d65c9a56e0d774261d6"]
markupsafe = ["a6be69091dac236ea9c6bc7d012beab42010fa914c459791d627dad4910eb665"]
pyexcel = ["4c470a7059d54e1c24112008a3410d1ff16d65fc47fa32a87d9581f1d92db11e", "7554b140729eaa679c0d627d5a44c787cd7216a917fa61f3da9f6b91438c9d43"]
pyexcel-io = ["5cf5ccf7750ca130640277f31178b6284a4f9f0f0d1d41f28f419b67ce26132b", "d0639851fce803c772ccf0b8ec975f212cb64b6681b63d67e89a2ea238c0afdb"]
pyexcel-xls = ["60bba3e80a0aa6af62f8d8a0fdff292b2acba14c047374611986ae572c430a98", "6fed6e1beffb0a612602da62d80ebde71b645538021201018e564db9096fe67f"]
python-dotenv = ["38f22d75f1180256e60c8b06aa06f5254479c1bf5947430c97e3d737d90e8731", "52e8c56e7c362fe9082abc949ea5fed6993c3651e059df0d7c8e18883827d737"]
texttable = ["95e8cfe85f8395a7eacdfbc8f09d885b9ef3a6ac6ead0364ea721de1127aa36b"]
werkzeug = ["c3fd7a7d41976d9f44db327260e263132466836cef6f91512889ed60ad26557c", "d5da73735293558eb1651ee2fddc4d0dedcfa06538b8813a2e20011583c9e49b"]
xlrd = ["83a1d2f1091078fb3f65876753b5302c5cfb6a41de64b9587b74cefa75157148", "8a21885513e6d915fe33a8ee5fdfa675433b61405ba13e2a69e62ee36828d7e2"]
xlwt = ["a082260524678ba48a297d922cc385f58278b8aa68741596a87de01a9c628b2e", "c59912717a9b28f1a3c2a98fd60741014b06b043936dcecbc113eaaada156c88"]
