[[package]]
category = "main"
description = "A library for parsing ISO 8601 strings."
name = "aniso8601"
optional = false
platform = "*"
python-versions = "*"
version = "3.0.2"

[[package]]
category = "main"
description = "A small Python module for determining appropriate platform-specific dirs, e.g. a \"user data dir\"."
name = "appdirs"
optional = false
platform = "*"
python-versions = "*"
version = "1.4.3"

[[package]]
category = "dev"
description = "Atomic file writes."
name = "atomicwrites"
optional = false
platform = "UNKNOWN"
python-versions = "*"
version = "1.1.5"

[[package]]
category = "dev"
description = "Classes Without Boilerplate"
name = "attrs"
optional = false
platform = "*"
python-versions = "*"
version = "18.1.0"

[[package]]
category = "main"
description = "A simple wrapper around optparse for powerful command line utilities."
name = "click"
optional = false
platform = "*"
python-versions = "*"
version = "6.7"

[[package]]
category = "dev"
description = "Cross-platform colored terminal text."
name = "colorama"
optional = false
platform = "UNKNOWN"
python-versions = "*"
version = "0.3.9"

[package.requirements]
platform = "win32"

[[package]]
category = "main"
description = "An implementation of lxml.xmlfile for the standard library"
name = "et-xmlfile"
optional = false
platform = "UNKNOWN"
python-versions = "*"
version = "1.0.1"

[[package]]
category = "main"
description = "A simple framework for building complex web applications."
name = "flask"
optional = false
platform = "any"
python-versions = "*"
version = "1.0.2"

[package.dependencies]
Jinja2 = ">=2.10"
Werkzeug = ">=0.14"
click = ">=5.1"
itsdangerous = ">=0.24"

[[package]]
category = "main"
description = "Simple framework for creating REST APIs"
name = "flask-restful"
optional = false
platform = "any"
python-versions = "*"
version = "0.3.6"

[package.dependencies]
Flask = ">=0.8"
aniso8601 = ">=0.82"
pytz = "*"
six = ">=1.3.0"

[[package]]
category = "main"
description = "Various helpers to pass trusted data to untrusted environments and back."
name = "itsdangerous"
optional = false
platform = "UNKNOWN"
python-versions = "*"
version = "0.24"

[[package]]
category = "main"
description = "Julian dates from proleptic Gregorian and Julian calendars."
name = "jdcal"
optional = false
platform = "*"
python-versions = "*"
version = "1.4"

[[package]]
category = "main"
description = "A small but fast and easy to use stand-alone template engine written in pure python."
name = "jinja2"
optional = false
platform = "*"
python-versions = "*"
version = "2.10"

[package.dependencies]
MarkupSafe = ">=0.23"

[[package]]
category = "main"
description = "Load me later. A lazy loading plugin management system."
name = "lml"
optional = false
platform = "UNKNOWN"
python-versions = "*"
version = "0.0.1"

[[package]]
category = "main"
description = "Implements a XML/HTML/XHTML Markup safe string for Python"
name = "markupsafe"
optional = false
platform = "UNKNOWN"
python-versions = "*"
version = "1.0"

[[package]]
category = "dev"
description = "More routines for operating on iterables, beyond itertools"
name = "more-itertools"
optional = false
platform = "*"
python-versions = "*"
version = "4.2.0"

[package.dependencies]
six = ">=1.0.0,<2.0.0"

[[package]]
category = "main"
description = "A Python library to read/write Excel 2010 xlsx/xlsm files"
name = "openpyxl"
optional = false
platform = "*"
python-versions = ">=2.7, !=3.0.*, !=3.1.*, !=3.2.*, !=3.3.*"
version = "2.5.4"

[package.dependencies]
et_xmlfile = "*"
jdcal = "*"

[[package]]
category = "main"
description = "Ordered YAML: drop-in replacement for PyYAML which preserves dict ordering"
name = "oyaml"
optional = false
platform = "*"
python-versions = "*"
version = "0.5"

[package.dependencies]
pyyaml = "*"

[[package]]
category = "dev"
description = "plugin and hook calling mechanisms for python"
name = "pluggy"
optional = false
platform = "unix"
python-versions = ">=2.7, !=3.0.*, !=3.1.*, !=3.2.*, !=3.3.*"
version = "0.6.0"

[[package]]
category = "dev"
description = "library with cross-python path, ini-parsing, io, code, log facilities"
name = "py"
optional = false
platform = "unix"
python-versions = ">=2.7, !=3.0.*, !=3.1.*, !=3.2.*, !=3.3.*"
version = "1.5.4"

[[package]]
category = "main"
description = "A wrapper library that provides one API to read, manipulate and writedata in different excel formats"
name = "pyexcel"
optional = false
platform = "*"
python-versions = "*"
version = "0.5.8"

[package.dependencies]
lml = "0.0.1"
pyexcel-io = ">=0.5.6"
texttable = ">=0.8.1"

[[package]]
category = "main"
description = "Keep good formatting when exporting to *.xlsx, *.yaml and *.json and when updating data."
name = "pyexcel-export"
optional = false
platform = "*"
python-versions = ">=3.5"
version = "0.3.0"

[package.dependencies]
openpyxl = ">=2.5,<3.0"
oyaml = ">=0.5.0,<0.6.0"
pyexcel = ">=0.5.8,<0.6.0"
pyexcel-xlsx = ">=0.5.6,<0.6.0"

[[package]]
category = "main"
description = "A pyexcel plugin to render data as handsontable in html pages"
name = "pyexcel-handsontable"
optional = false
platform = "UNKNOWN"
python-versions = "*"
version = "0.0.1"

[package.dependencies]
jinja2 = "*"
pyexcel = ">=0.5.0"

[[package]]
category = "main"
description = "A python library to read and write structured data in csv, zipped csvformat and to/from databases"
name = "pyexcel-io"
optional = false
platform = "*"
python-versions = "*"
version = "0.5.7"

[package.dependencies]
lml = "0.0.1"

[[package]]
category = "main"
description = "A wrapper library to read, manipulate and write data in xlsx and xlsmformat"
name = "pyexcel-xlsx"
optional = false
platform = "*"
python-versions = "*"
version = "0.5.6"

[package.dependencies]
openpyxl = ">=2.5.0"
pyexcel-io = ">=0.5.3"

[[package]]
category = "main"
description = "Python bindings for the Qt cross platform UI and application toolkit"
name = "pyqt5"
optional = false
platform = "UNIX"
python-versions = "*"
version = "5.11.2"

[[package]]
category = "dev"
description = "pytest: simple powerful testing with Python"
name = "pytest"
optional = false
platform = "unix"
python-versions = ">=2.7, !=3.0.*, !=3.1.*, !=3.2.*, !=3.3.*"
version = "3.6.3"

[package.dependencies]
atomicwrites = ">=1.0"
attrs = ">=17.4.0"
more-itertools = ">=4.0.0"
pluggy = ">=0.5,<0.7"
py = ">=1.5.0"
setuptools = "*"
six = ">=1.10.0"

[package.dependencies.colorama]
platform = "win32"
version = "*"

[[package]]
category = "main"
description = "World timezone definitions, modern and historical"
name = "pytz"
optional = false
platform = "Independent"
python-versions = "*"
version = "2018.5"

[[package]]
category = "main"
description = "YAML parser and emitter for Python"
name = "pyyaml"
optional = false
platform = "Any"
python-versions = "*"
version = "3.13"

[[package]]
category = "main"
description = "Python 2 and 3 compatibility utilities"
name = "six"
optional = false
platform = "*"
python-versions = "*"
version = "1.11.0"

[[package]]
category = "main"
description = "module for creating simple ASCII tables"
name = "texttable"
optional = false
platform = "any"
python-versions = "*"
version = "1.4.0"

[[package]]
category = "main"
description = "The comprehensive WSGI web application library."
name = "werkzeug"
optional = false
platform = "any"
python-versions = "*"
version = "0.14.1"

[metadata]
content-hash = "6bd25a9e85724781530ab8a2ff4aa72f10dfd76098933e42a97ad3f919da7346"
platform = "*"
python-versions = ">=3"

[metadata.hashes]
aniso8601 = ["7849749cf00ae0680ad2bdfe4419c7a662bef19c03691a19e008c8b9a5267802", "94f90871fcd314a458a3d4eca1c84448efbd200e86f55fe4c733c7a40149ef50"]
appdirs = ["9e5896d1372858f8dd3344faf4e5014d21849c756c8d5701f78f8a103b372d92", "d8b24664561d0d34ddfaec54636d502d7cea6e29c3eaf68f3df6180863e2166e"]
atomicwrites = ["240831ea22da9ab882b551b31d4225591e5e447a68c5e188db5b89ca1d487585", "a24da68318b08ac9c9c45029f4a10371ab5b20e4226738e150e6e7c571630ae6"]
attrs = ["4b90b09eeeb9b88c35bc642cbac057e45a5fd85367b985bd2809c62b7b939265", "e0d0eb91441a3b53dab4d9b743eafc1ac44476296a2053b6ca3af0b139faf87b"]
click = ["29f99fc6125fbc931b758dc053b3114e55c77a6e4c6c3a2674a2dc986016381d", "f15516df478d5a56180fbf80e68f206010e6d160fc39fa508b65e035fd75130b"]
colorama = ["463f8483208e921368c9f306094eb6f725c6ca42b0f97e313cb5d5512459feda", "48eb22f4f8461b1df5734a074b57042430fb06e1d61bd1e11b078c0fe6d7a1f1"]
et-xmlfile = ["614d9722d572f6246302c4491846d2c393c199cfa4edc9af593437691683335b"]
flask = ["2271c0070dbcb5275fad4a82e29f23ab92682dc45f9dfbc22c02ba9b9322ce48", "a080b744b7e345ccfcbc77954861cb05b3c63786e93f2b3875e0913d44b43f05"]
flask-restful = ["5795519501347e108c436b693ff9a4d7b373a3ac9069627d64e4001c05dd3407", "e2f1b8063de3944b94c7f8be5cee4d2161db0267c54c5b757d875295061776fa"]
itsdangerous = ["cbb3fcf8d3e33df861709ecaf89d9e6629cff0a217bc2848f1b41cd30d360519"]
jdcal = ["948fb8d079e63b4be7a69dd5f0cd618a0a57e80753de8248fd786a8a20658a07", "ea0a5067c5f0f50ad4c7bdc80abad3d976604f6fb026b0b3a17a9d84bb9046c9"]
jinja2 = ["74c935a1b8bb9a3947c50a54766a969d4846290e1e788ea44c1392163723c3bd", "f84be1bb0040caca4cea721fcbbbbd61f9be9464ca236387158b0feea01914a4"]
lml = ["12783c8851bb1b1aacf6d139aa41fb529e1723bff863e71034af07a55bf1e5a3", "58a11170ecb0ce5e4680ad8971f1e353b795d58953217d65c9a56e0d774261d6"]
markupsafe = ["a6be69091dac236ea9c6bc7d012beab42010fa914c459791d627dad4910eb665"]
more-itertools = ["2b6b9893337bfd9166bee6a62c2b0c9fe7735dcf85948b387ec8cba30e85d8e8", "6703844a52d3588f951883005efcf555e49566a48afd4db4e965d69b883980d3", "a18d870ef2ffca2b8463c0070ad17b5978056f403fb64e3f15fe62a52db21cc0"]
openpyxl = ["9239b74faf175dc4276a5fc277655fc53c2f704ded39e680d35e6a39e1913f69"]
oyaml = ["46510c036d202ae683c9fd78f8cac164f404b2b1a6d369ec0edcbd47fb40db3c", "5f0072546a46ae2c77c03406838d55015646f4025ac99b78f5c05801727ad220"]
pluggy = ["7f8ae7f5bdf75671a718d2daf0a64b7885f74510bcd98b1a0bb420eb9a9d0cff", "d345c8fe681115900d6da8d048ba67c25df42973bda370783cd58826442dcd7c", "e160a7fcf25762bb60efc7e171d4497ff1d8d2d75a3d0df7a21b76821ecbf5c5"]
py = ["3fd59af7435864e1a243790d322d763925431213b6b8529c6ca71081ace3bbf7", "e31fb2767eb657cbde86c454f02e99cb846d3cd9d61b318525140214fdc0e98e"]
pyexcel = ["4c470a7059d54e1c24112008a3410d1ff16d65fc47fa32a87d9581f1d92db11e", "7554b140729eaa679c0d627d5a44c787cd7216a917fa61f3da9f6b91438c9d43"]
pyexcel-export = ["b07b30adaf2996ff16cd4e38f55b1a7ffba4d084c5fbe2a17b886fc1536c0bb5", "e073c03247fa550b0b74da77f476016c850a60c274335bb06396fed834f8414b"]
pyexcel-handsontable = ["5d86cdcce942b8a351b6b147d312d54deb07a0e63b33275fa20de72efde75362", "f6f3e6fcd97610db676a0f3d6030897247ca615245e747acae79f7b92314db09"]
pyexcel-io = ["5cf5ccf7750ca130640277f31178b6284a4f9f0f0d1d41f28f419b67ce26132b", "d0639851fce803c772ccf0b8ec975f212cb64b6681b63d67e89a2ea238c0afdb"]
pyexcel-xlsx = ["4b406c0ec64c577a171335ab3bca8acd3bc845b5c99691c3600d11c284091435", "4e1f953427ac5073ee7e42d30e7108f24fde475e58e24822033fdc90a6131291"]
pyqt5 = ["700b8bb0357bf0ac312bce283449de733f5773dfc77083664be188c8e964c007", "76d52f3627fac8bfdbc4857ce52a615cd879abd79890cde347682ff9b4b245a2", "7d0f7c0aed9c3ef70d5856e99f30ebcfe25a58300158dd46ee544cbe1c5b53db", "d5dc2faf0aeacd0e8b69af1dc9f1276a64020193148356bb319bdfae22b78f88"]
pytest = ["0453c8676c2bee6feb0434748b068d5510273a916295fd61d306c4f22fbfd752", "4b208614ae6d98195430ad6bde03641c78553acee7c83cec2e85d613c0cd383d"]
pytz = ["a061aa0a9e06881eb8b3b2b43f05b9439d6583c206d0a6c340ff72a7b6669053", "ffb9ef1de172603304d9d2819af6f5ece76f2e85ec10692a524dd876e72bf277"]
pyyaml = ["3d7da3009c0f3e783b2c873687652d83b1bbfd5c88e9813fb7e5b03c0dd3108b", "3ef3092145e9b70e3ddd2c7ad59bdd0252a94dfe3949721633e41344de00a6bf", "40c71b8e076d0550b2e6380bada1f1cd1017b882f7e16f09a65be98e017f211a", "558dd60b890ba8fd982e05941927a3911dc409a63dcb8b634feaa0cda69330d3", "a7c28b45d9f99102fa092bb213aa12e0aaf9a6a1f5e395d36166639c1f96c3a1", "aa7dd4a6a427aed7df6fb7f08a580d68d9b118d90310374716ae90b710280af1", "bc558586e6045763782014934bfaf39d48b8ae85a2713117d16c39864085c613", "d46d7982b62e0729ad0175a9bc7e10a566fc07b224d2c79fafb5e032727eaa04", "d5eef459e30b09f5a098b9cea68bebfeb268697f78d647bd255a085371ac7f3f", "e01d3203230e1786cd91ccfdc8f8454c8069c91bee3962ad93b87a4b2860f537", "e170a9e6fcfd19021dd29845af83bb79236068bf5fd4df3327c1be18182b2531"]
six = ["70e8a77beed4562e7f14fe23a786b54f6296e34344c23bc42f07b15018ff98e9", "832dc0e10feb1aa2c68dcc57dbb658f1c7e65b9b61af69048abc87a2db00a0eb"]
texttable = ["95e8cfe85f8395a7eacdfbc8f09d885b9ef3a6ac6ead0364ea721de1127aa36b"]
werkzeug = ["c3fd7a7d41976d9f44db327260e263132466836cef6f91512889ed60ad26557c", "d5da73735293558eb1651ee2fddc4d0dedcfa06538b8813a2e20011583c9e49b"]
